
Microsoft Visual Studio Solution File, Format Version 12.00
# Visual Studio Version 16
VisualStudioVersion = 16.0.31702.278
MinimumVisualStudioVersion = 10.0.40219.1
Project("{FAE04EC0-301F-11D3-BF4B-00C04F79EFBC}") = "29MartPraktice", "29MartPraktice\29MartPraktice.csproj", "{8C3950F3-C82B-4670-90EE-55D8C5237C53}"
EndProject
Project("{FAE04EC0-301F-11D3-BF4B-00C04F79EFBC}") = "Praktika", "Praktika\Praktika.csproj", "{66B7E248-A3D2-4EE8-8748-3BAD4AC1F9C9}"
EndProject
Project("{FAE04EC0-301F-11D3-BF4B-00C04F79EFBC}") = "Praktika 2", "Praktika 2\Praktika 2.csproj", "{8B04DE11-C9D8-472A-8A08-8B4B97604DB1}"
EndProject
Project("{FAE04EC0-301F-11D3-BF4B-00C04F79EFBC}") = "Praktika 3", "Praktika 3\Praktika 3.csproj", "{513CB27F-E93C-4A6B-8526-7A41DE7FDAA3}"
EndProject
Global
	GlobalSection(SolutionConfigurationPlatforms) = preSolution
		Debug|Any CPU = Debug|Any CPU
		Release|Any CPU = Release|Any CPU
	EndGlobalSection
	GlobalSection(ProjectConfigurationPlatforms) = postSolution
		{8C3950F3-C82B-4670-90EE-55D8C5237C53}.Debug|Any CPU.ActiveCfg = Debug|Any CPU
		{8C3950F3-C82B-4670-90EE-55D8C5237C53}.Debug|Any CPU.Build.0 = Debug|Any CPU
		{8C3950F3-C82B-4670-90EE-55D8C5237C53}.Release|Any CPU.ActiveCfg = Release|Any CPU
		{8C3950F3-C82B-4670-90EE-55D8C5237C53}.Release|Any CPU.Build.0 = Release|Any CPU
		{66B7E248-A3D2-4EE8-8748-3BAD4AC1F9C9}.Debug|Any CPU.ActiveCfg = Debug|Any CPU
		{66B7E248-A3D2-4EE8-8748-3BAD4AC1F9C9}.Debug|Any CPU.Build.0 = Debug|Any CPU
		{66B7E248-A3D2-4EE8-8748-3BAD4AC1F9C9}.Release|Any CPU.ActiveCfg = Release|Any CPU
		{66B7E248-A3D2-4EE8-8748-3BAD4AC1F9C9}.Release|Any CPU.Build.0 = Release|Any CPU
		{8B04DE11-C9D8-472A-8A08-8B4B97604DB1}.Debug|Any CPU.ActiveCfg = Debug|Any CPU
		{8B04DE11-C9D8-472A-8A08-8B4B97604DB1}.Debug|Any CPU.Build.0 = Debug|Any CPU
		{8B04DE11-C9D8-472A-8A08-8B4B97604DB1}.Release|Any CPU.ActiveCfg = Release|Any CPU
		{8B04DE11-C9D8-472A-8A08-8B4B97604DB1}.Release|Any CPU.Build.0 = Release|Any CPU
		{513CB27F-E93C-4A6B-8526-7A41DE7FDAA3}.Debug|Any CPU.ActiveCfg = Debug|Any CPU
		{513CB27F-E93C-4A6B-8526-7A41DE7FDAA3}.Debug|Any CPU.Build.0 = Debug|Any CPU
		{513CB27F-E93C-4A6B-8526-7A41DE7FDAA3}.Release|Any CPU.ActiveCfg = Release|Any CPU
		{513CB27F-E93C-4A6B-8526-7A41DE7FDAA3}.Release|Any CPU.Build.0 = Release|Any CPU
	EndGlobalSection
	GlobalSection(SolutionProperties) = preSolution
		HideSolutionNode = FALSE
	EndGlobalSection
	GlobalSection(ExtensibilityGlobals) = postSolution
		SolutionGuid = {7EA4D6C4-EBA9-48A2-A68D-00F0AF4CC118}
	EndGlobalSection
EndGlobal
